
Microsoft Visual Studio Solution File, Format Version 12.00
# Visual Studio Version 17
VisualStudioVersion = 17.4.33205.214
MinimumVisualStudioVersion = 10.0.40219.1
Project("{FAE04EC0-301F-11D3-BF4B-00C04F79EFBC}") = "ToDoList", "ToDoList\ToDoList.csproj", "{354401CD-7437-463D-88DB-39DB1EE84D4F}"
EndProject
Global
	GlobalSection(SolutionConfigurationPlatforms) = preSolution
		Debug|Any CPU = Debug|Any CPU
		Release|Any CPU = Release|Any CPU
	EndGlobalSection
	GlobalSection(ProjectConfigurationPlatforms) = postSolution
		{354401CD-7437-463D-88DB-39DB1EE84D4F}.Debug|Any CPU.ActiveCfg = Debug|Any CPU
		{354401CD-7437-463D-88DB-39DB1EE84D4F}.Debug|Any CPU.Build.0 = Debug|Any CPU
		{354401CD-7437-463D-88DB-39DB1EE84D4F}.Release|Any CPU.ActiveCfg = Release|Any CPU
		{354401CD-7437-463D-88DB-39DB1EE84D4F}.Release|Any CPU.Build.0 = Release|Any CPU
	EndGlobalSection
	GlobalSection(SolutionProperties) = preSolution
		HideSolutionNode = FALSE
	EndGlobalSection
	GlobalSection(ExtensibilityGlobals) = postSolution
		SolutionGuid = {7665493F-658E-4C63-B781-E4C8960A3B1B}
	EndGlobalSection
EndGlobal
